
Microsoft Visual Studio Solution File, Format Version 12.00
# Visual Studio Version 17
VisualStudioVersion = 17.13.35825.156 d17.13
MinimumVisualStudioVersion = 10.0.40219.1
Project("{FAE04EC0-301F-11D3-BF4B-00C04F79EFBC}") = "Mvc-E-Commerce", "Mvc-E-Commerce\Mvc-E-Commerce.csproj", "{C3B2EB8C-06BE-4DFC-8D08-B531636CC970}"
EndProject
Global
	GlobalSection(SolutionConfigurationPlatforms) = preSolution
		Debug|Any CPU = Debug|Any CPU
		Release|Any CPU = Release|Any CPU
	EndGlobalSection
	GlobalSection(ProjectConfigurationPlatforms) = postSolution
		{C3B2EB8C-06BE-4DFC-8D08-B531636CC970}.Debug|Any CPU.ActiveCfg = Debug|Any CPU
		{C3B2EB8C-06BE-4DFC-8D08-B531636CC970}.Debug|Any CPU.Build.0 = Debug|Any CPU
		{C3B2EB8C-06BE-4DFC-8D08-B531636CC970}.Release|Any CPU.ActiveCfg = Release|Any CPU
		{C3B2EB8C-06BE-4DFC-8D08-B531636CC970}.Release|Any CPU.Build.0 = Release|Any CPU
	EndGlobalSection
	GlobalSection(SolutionProperties) = preSolution
		HideSolutionNode = FALSE
	EndGlobalSection
	GlobalSection(ExtensibilityGlobals) = postSolution
		SolutionGuid = {8BA5D1BB-5E34-45C2-9640-F803649C7A57}
	EndGlobalSection
EndGlobal
